// !$*UTF8*$!
{
	archiveVersion = 1;
	classes = {
	};
	objectVersion = 56;
	objects = {

/* Begin PBXBuildFile section */
		080DB865DEA3C4BE77625FEC /* Pods_MyChatGPT_MyChatGPTUITests.framework in Frameworks */ = {isa = PBXBuildFile; fileRef = 3FB9E1E028F3C2D5338EF597 /* Pods_MyChatGPT_MyChatGPTUITests.framework */; };
		4F9B7F1B29AB9EC2000F2EBB /* MyChatGPTApp.swift in Sources */ = {isa = PBXBuildFile; fileRef = 4F9B7F1A29AB9EC2000F2EBB /* MyChatGPTApp.swift */; };
		4F9B7F1D29AB9EC2000F2EBB /* ContentView.swift in Sources */ = {isa = PBXBuildFile; fileRef = 4F9B7F1C29AB9EC2000F2EBB /* ContentView.swift */; };
		4F9B7F1F29AB9EC4000F2EBB /* Assets.xcassets in Resources */ = {isa = PBXBuildFile; fileRef = 4F9B7F1E29AB9EC4000F2EBB /* Assets.xcassets */; };
		4F9B7F2229AB9EC4000F2EBB /* Preview Assets.xcassets in Resources */ = {isa = PBXBuildFile; fileRef = 4F9B7F2129AB9EC4000F2EBB /* Preview Assets.xcassets */; };
		4F9B7F2C29AB9EC4000F2EBB /* MyChatGPTTests.swift in Sources */ = {isa = PBXBuildFile; fileRef = 4F9B7F2B29AB9EC4000F2EBB /* MyChatGPTTests.swift */; };
		4F9B7F3629AB9EC4000F2EBB /* MyChatGPTUITests.swift in Sources */ = {isa = PBXBuildFile; fileRef = 4F9B7F3529AB9EC4000F2EBB /* MyChatGPTUITests.swift */; };
		4F9B7F3829AB9EC4000F2EBB /* MyChatGPTUITestsLaunchTests.swift in Sources */ = {isa = PBXBuildFile; fileRef = 4F9B7F3729AB9EC4000F2EBB /* MyChatGPTUITestsLaunchTests.swift */; };
		4F9B7F4529ABA017000F2EBB /* Settings.swift in Sources */ = {isa = PBXBuildFile; fileRef = 4F9B7F4429ABA017000F2EBB /* Settings.swift */; };
		4F9B7F4729ABA20D000F2EBB /* ChatView.swift in Sources */ = {isa = PBXBuildFile; fileRef = 4F9B7F4629ABA20D000F2EBB /* ChatView.swift */; };
		4F9B7F4929ABA2C1000F2EBB /* Store.swift in Sources */ = {isa = PBXBuildFile; fileRef = 4F9B7F4829ABA2C1000F2EBB /* Store.swift */; };
		4F9B7F4B29ABA3D6000F2EBB /* Podfile in Resources */ = {isa = PBXBuildFile; fileRef = 4F9B7F4A29ABA3D5000F2EBB /* Podfile */; };
		4F9B7F4D29AD31D4000F2EBB /* DotView.swift in Sources */ = {isa = PBXBuildFile; fileRef = 4F9B7F4C29AD31D4000F2EBB /* DotView.swift */; };
		679B4A3A29B40E0900EA32AF /* ListOfMessages.swift in Sources */ = {isa = PBXBuildFile; fileRef = 679B4A3929B40E0800EA32AF /* ListOfMessages.swift */; };
		67C4D58829B2999C006F45D0 /* MessageBubble.swift in Sources */ = {isa = PBXBuildFile; fileRef = 67C4D58729B2999C006F45D0 /* MessageBubble.swift */; };
		67C4D58A29B2B464006F45D0 /* DynamicTextField.swift in Sources */ = {isa = PBXBuildFile; fileRef = 67C4D58929B2B464006F45D0 /* DynamicTextField.swift */; };
		93E5A60944CD1628F39040C3 /* Pods_MyChatGPT.framework in Frameworks */ = {isa = PBXBuildFile; fileRef = 99A3974A1B8883E76CF36BFD /* Pods_MyChatGPT.framework */; };
		E9232ECE357BCA8171EC470A /* Pods_MyChatGPTTests.framework in Frameworks */ = {isa = PBXBuildFile; fileRef = 3555F698E6D8D5ED4BA41066 /* Pods_MyChatGPTTests.framework */; };
/* End PBXBuildFile section */

/* Begin PBXContainerItemProxy section */
		4F9B7F2829AB9EC4000F2EBB /* PBXContainerItemProxy */ = {
			isa = PBXContainerItemProxy;
			containerPortal = 4F9B7F0F29AB9EC2000F2EBB /* Project object */;
			proxyType = 1;
			remoteGlobalIDString = 4F9B7F1629AB9EC2000F2EBB;
			remoteInfo = MyChatGPT;
		};
		4F9B7F3229AB9EC4000F2EBB /* PBXContainerItemProxy */ = {
			isa = PBXContainerItemProxy;
			containerPortal = 4F9B7F0F29AB9EC2000F2EBB /* Project object */;
			proxyType = 1;
			remoteGlobalIDString = 4F9B7F1629AB9EC2000F2EBB;
			remoteInfo = MyChatGPT;
		};
/* End PBXContainerItemProxy section */

/* Begin PBXFileReference section */
		1F7C3A0206A7F217603B703C /* Pods-MyChatGPT.release.xcconfig */ = {isa = PBXFileReference; includeInIndex = 1; lastKnownFileType = text.xcconfig; name = "Pods-MyChatGPT.release.xcconfig"; path = "Target Support Files/Pods-MyChatGPT/Pods-MyChatGPT.release.xcconfig"; sourceTree = "<group>"; };
		3555F698E6D8D5ED4BA41066 /* Pods_MyChatGPTTests.framework */ = {isa = PBXFileReference; explicitFileType = wrapper.framework; includeInIndex = 0; path = Pods_MyChatGPTTests.framework; sourceTree = BUILT_PRODUCTS_DIR; };
		3FB9E1E028F3C2D5338EF597 /* Pods_MyChatGPT_MyChatGPTUITests.framework */ = {isa = PBXFileReference; explicitFileType = wrapper.framework; includeInIndex = 0; path = Pods_MyChatGPT_MyChatGPTUITests.framework; sourceTree = BUILT_PRODUCTS_DIR; };
		4F9B7F1729AB9EC2000F2EBB /* MyChatGPT.app */ = {isa = PBXFileReference; explicitFileType = wrapper.application; includeInIndex = 0; path = MyChatGPT.app; sourceTree = BUILT_PRODUCTS_DIR; };
		4F9B7F1A29AB9EC2000F2EBB /* MyChatGPTApp.swift */ = {isa = PBXFileReference; lastKnownFileType = sourcecode.swift; path = MyChatGPTApp.swift; sourceTree = "<group>"; };
		4F9B7F1C29AB9EC2000F2EBB /* ContentView.swift */ = {isa = PBXFileReference; lastKnownFileType = sourcecode.swift; path = ContentView.swift; sourceTree = "<group>"; };
		4F9B7F1E29AB9EC4000F2EBB /* Assets.xcassets */ = {isa = PBXFileReference; lastKnownFileType = folder.assetcatalog; path = Assets.xcassets; sourceTree = "<group>"; };
		4F9B7F2129AB9EC4000F2EBB /* Preview Assets.xcassets */ = {isa = PBXFileReference; lastKnownFileType = folder.assetcatalog; path = "Preview Assets.xcassets"; sourceTree = "<group>"; };
		4F9B7F2729AB9EC4000F2EBB /* MyChatGPTTests.xctest */ = {isa = PBXFileReference; explicitFileType = wrapper.cfbundle; includeInIndex = 0; path = MyChatGPTTests.xctest; sourceTree = BUILT_PRODUCTS_DIR; };
		4F9B7F2B29AB9EC4000F2EBB /* MyChatGPTTests.swift */ = {isa = PBXFileReference; lastKnownFileType = sourcecode.swift; path = MyChatGPTTests.swift; sourceTree = "<group>"; };
		4F9B7F3129AB9EC4000F2EBB /* MyChatGPTUITests.xctest */ = {isa = PBXFileReference; explicitFileType = wrapper.cfbundle; includeInIndex = 0; path = MyChatGPTUITests.xctest; sourceTree = BUILT_PRODUCTS_DIR; };
		4F9B7F3529AB9EC4000F2EBB /* MyChatGPTUITests.swift */ = {isa = PBXFileReference; lastKnownFileType = sourcecode.swift; path = MyChatGPTUITests.swift; sourceTree = "<group>"; };
		4F9B7F3729AB9EC4000F2EBB /* MyChatGPTUITestsLaunchTests.swift */ = {isa = PBXFileReference; lastKnownFileType = sourcecode.swift; path = MyChatGPTUITestsLaunchTests.swift; sourceTree = "<group>"; };
		4F9B7F4429ABA017000F2EBB /* Settings.swift */ = {isa = PBXFileReference; lastKnownFileType = sourcecode.swift; path = Settings.swift; sourceTree = "<group>"; };
		4F9B7F4629ABA20D000F2EBB /* ChatView.swift */ = {isa = PBXFileReference; lastKnownFileType = sourcecode.swift; path = ChatView.swift; sourceTree = "<group>"; };
		4F9B7F4829ABA2C1000F2EBB /* Store.swift */ = {isa = PBXFileReference; lastKnownFileType = sourcecode.swift; path = Store.swift; sourceTree = "<group>"; };
		4F9B7F4A29ABA3D5000F2EBB /* Podfile */ = {isa = PBXFileReference; fileEncoding = 4; lastKnownFileType = text; path = Podfile; sourceTree = "<group>"; };
		4F9B7F4C29AD31D4000F2EBB /* DotView.swift */ = {isa = PBXFileReference; lastKnownFileType = sourcecode.swift; path = DotView.swift; sourceTree = "<group>"; };
		679B4A3929B40E0800EA32AF /* ListOfMessages.swift */ = {isa = PBXFileReference; lastKnownFileType = sourcecode.swift; path = ListOfMessages.swift; sourceTree = "<group>"; };
		67C4D58729B2999C006F45D0 /* MessageBubble.swift */ = {isa = PBXFileReference; lastKnownFileType = sourcecode.swift; path = MessageBubble.swift; sourceTree = "<group>"; };
		67C4D58929B2B464006F45D0 /* DynamicTextField.swift */ = {isa = PBXFileReference; lastKnownFileType = sourcecode.swift; path = DynamicTextField.swift; sourceTree = "<group>"; };
		99A3974A1B8883E76CF36BFD /* Pods_MyChatGPT.framework */ = {isa = PBXFileReference; explicitFileType = wrapper.framework; includeInIndex = 0; path = Pods_MyChatGPT.framework; sourceTree = BUILT_PRODUCTS_DIR; };
		D2B54FAC0B3BF2C879AF9288 /* Pods-MyChatGPT-MyChatGPTUITests.debug.xcconfig */ = {isa = PBXFileReference; includeInIndex = 1; lastKnownFileType = text.xcconfig; name = "Pods-MyChatGPT-MyChatGPTUITests.debug.xcconfig"; path = "Target Support Files/Pods-MyChatGPT-MyChatGPTUITests/Pods-MyChatGPT-MyChatGPTUITests.debug.xcconfig"; sourceTree = "<group>"; };
		D50795870DBB2AF3F783C14B /* Pods-MyChatGPTTests.release.xcconfig */ = {isa = PBXFileReference; includeInIndex = 1; lastKnownFileType = text.xcconfig; name = "Pods-MyChatGPTTests.release.xcconfig"; path = "Target Support Files/Pods-MyChatGPTTests/Pods-MyChatGPTTests.release.xcconfig"; sourceTree = "<group>"; };
		E7CDB5CC33C951D0193E6CF7 /* Pods-MyChatGPTTests.debug.xcconfig */ = {isa = PBXFileReference; includeInIndex = 1; lastKnownFileType = text.xcconfig; name = "Pods-MyChatGPTTests.debug.xcconfig"; path = "Target Support Files/Pods-MyChatGPTTests/Pods-MyChatGPTTests.debug.xcconfig"; sourceTree = "<group>"; };
		EAF656196836E764C4104FE6 /* Pods-MyChatGPT-MyChatGPTUITests.release.xcconfig */ = {isa = PBXFileReference; includeInIndex = 1; lastKnownFileType = text.xcconfig; name = "Pods-MyChatGPT-MyChatGPTUITests.release.xcconfig"; path = "Target Support Files/Pods-MyChatGPT-MyChatGPTUITests/Pods-MyChatGPT-MyChatGPTUITests.release.xcconfig"; sourceTree = "<group>"; };
		F5BFDBD4A76858A72FF1DE66 /* Pods-MyChatGPT.debug.xcconfig */ = {isa = PBXFileReference; includeInIndex = 1; lastKnownFileType = text.xcconfig; name = "Pods-MyChatGPT.debug.xcconfig"; path = "Target Support Files/Pods-MyChatGPT/Pods-MyChatGPT.debug.xcconfig"; sourceTree = "<group>"; };
/* End PBXFileReference section */

/* Begin PBXFrameworksBuildPhase section */
		4F9B7F1429AB9EC2000F2EBB /* Frameworks */ = {
			isa = PBXFrameworksBuildPhase;
			buildActionMask = 2147483647;
			files = (
				93E5A60944CD1628F39040C3 /* Pods_MyChatGPT.framework in Frameworks */,
			);
			runOnlyForDeploymentPostprocessing = 0;
		};
		4F9B7F2429AB9EC4000F2EBB /* Frameworks */ = {
			isa = PBXFrameworksBuildPhase;
			buildActionMask = 2147483647;
			files = (
				E9232ECE357BCA8171EC470A /* Pods_MyChatGPTTests.framework in Frameworks */,
			);
			runOnlyForDeploymentPostprocessing = 0;
		};
		4F9B7F2E29AB9EC4000F2EBB /* Frameworks */ = {
			isa = PBXFrameworksBuildPhase;
			buildActionMask = 2147483647;
			files = (
				080DB865DEA3C4BE77625FEC /* Pods_MyChatGPT_MyChatGPTUITests.framework in Frameworks */,
			);
			runOnlyForDeploymentPostprocessing = 0;
		};
/* End PBXFrameworksBuildPhase section */

/* Begin PBXGroup section */
		4F9B7F0E29AB9EC2000F2EBB = {
			isa = PBXGroup;
			children = (
				4F9B7F4A29ABA3D5000F2EBB /* Podfile */,
				4F9B7F1929AB9EC2000F2EBB /* MyChatGPT */,
				4F9B7F2A29AB9EC4000F2EBB /* MyChatGPTTests */,
				4F9B7F3429AB9EC4000F2EBB /* MyChatGPTUITests */,
				4F9B7F1829AB9EC2000F2EBB /* Products */,
				52111B48F09D7D72553492CF /* Pods */,
				659F778F508CC4D5FCB5938B /* Frameworks */,
			);
			sourceTree = "<group>";
		};
		4F9B7F1829AB9EC2000F2EBB /* Products */ = {
			isa = PBXGroup;
			children = (
				4F9B7F1729AB9EC2000F2EBB /* MyChatGPT.app */,
				4F9B7F2729AB9EC4000F2EBB /* MyChatGPTTests.xctest */,
				4F9B7F3129AB9EC4000F2EBB /* MyChatGPTUITests.xctest */,
			);
			name = Products;
			sourceTree = "<group>";
		};
		4F9B7F1929AB9EC2000F2EBB /* MyChatGPT */ = {
			isa = PBXGroup;
			children = (
				679B4A3929B40E0800EA32AF /* ListOfMessages.swift */,
				4F9B7F1A29AB9EC2000F2EBB /* MyChatGPTApp.swift */,
				4F9B7F1C29AB9EC2000F2EBB /* ContentView.swift */,
				4F9B7F1E29AB9EC4000F2EBB /* Assets.xcassets */,
				4F9B7F2029AB9EC4000F2EBB /* Preview Content */,
				4F9B7F4429ABA017000F2EBB /* Settings.swift */,
				4F9B7F4629ABA20D000F2EBB /* ChatView.swift */,
				4F9B7F4829ABA2C1000F2EBB /* Store.swift */,
				4F9B7F4C29AD31D4000F2EBB /* DotView.swift */,
				67C4D58729B2999C006F45D0 /* MessageBubble.swift */,
				67C4D58929B2B464006F45D0 /* DynamicTextField.swift */,
			);
			path = MyChatGPT;
			sourceTree = "<group>";
		};
		4F9B7F2029AB9EC4000F2EBB /* Preview Content */ = {
			isa = PBXGroup;
			children = (
				4F9B7F2129AB9EC4000F2EBB /* Preview Assets.xcassets */,
			);
			path = "Preview Content";
			sourceTree = "<group>";
		};
		4F9B7F2A29AB9EC4000F2EBB /* MyChatGPTTests */ = {
			isa = PBXGroup;
			children = (
				4F9B7F2B29AB9EC4000F2EBB /* MyChatGPTTests.swift */,
			);
			path = MyChatGPTTests;
			sourceTree = "<group>";
		};
		4F9B7F3429AB9EC4000F2EBB /* MyChatGPTUITests */ = {
			isa = PBXGroup;
			children = (
				4F9B7F3529AB9EC4000F2EBB /* MyChatGPTUITests.swift */,
				4F9B7F3729AB9EC4000F2EBB /* MyChatGPTUITestsLaunchTests.swift */,
			);
			path = MyChatGPTUITests;
			sourceTree = "<group>";
		};
		52111B48F09D7D72553492CF /* Pods */ = {
			isa = PBXGroup;
			children = (
				F5BFDBD4A76858A72FF1DE66 /* Pods-MyChatGPT.debug.xcconfig */,
				1F7C3A0206A7F217603B703C /* Pods-MyChatGPT.release.xcconfig */,
				D2B54FAC0B3BF2C879AF9288 /* Pods-MyChatGPT-MyChatGPTUITests.debug.xcconfig */,
				EAF656196836E764C4104FE6 /* Pods-MyChatGPT-MyChatGPTUITests.release.xcconfig */,
				E7CDB5CC33C951D0193E6CF7 /* Pods-MyChatGPTTests.debug.xcconfig */,
				D50795870DBB2AF3F783C14B /* Pods-MyChatGPTTests.release.xcconfig */,
			);
			path = Pods;
			sourceTree = "<group>";
		};
		659F778F508CC4D5FCB5938B /* Frameworks */ = {
			isa = PBXGroup;
			children = (
				99A3974A1B8883E76CF36BFD /* Pods_MyChatGPT.framework */,
				3FB9E1E028F3C2D5338EF597 /* Pods_MyChatGPT_MyChatGPTUITests.framework */,
				3555F698E6D8D5ED4BA41066 /* Pods_MyChatGPTTests.framework */,
			);
			name = Frameworks;
			sourceTree = "<group>";
		};
/* End PBXGroup section */

/* Begin PBXNativeTarget section */
		4F9B7F1629AB9EC2000F2EBB /* MyChatGPT */ = {
			isa = PBXNativeTarget;
			buildConfigurationList = 4F9B7F3B29AB9EC4000F2EBB /* Build configuration list for PBXNativeTarget "MyChatGPT" */;
			buildPhases = (
				DDB0BF0E6AA38235B73ECD5C /* [CP] Check Pods Manifest.lock */,
				4F9B7F1329AB9EC2000F2EBB /* Sources */,
				4F9B7F1429AB9EC2000F2EBB /* Frameworks */,
				4F9B7F1529AB9EC2000F2EBB /* Resources */,
				B84DF3BC637F7B4952CD27E9 /* [CP] Embed Pods Frameworks */,
			);
			buildRules = (
			);
			dependencies = (
			);
			name = MyChatGPT;
			productName = MyChatGPT;
			productReference = 4F9B7F1729AB9EC2000F2EBB /* MyChatGPT.app */;
			productType = "com.apple.product-type.application";
		};
		4F9B7F2629AB9EC4000F2EBB /* MyChatGPTTests */ = {
			isa = PBXNativeTarget;
			buildConfigurationList = 4F9B7F3E29AB9EC4000F2EBB /* Build configuration list for PBXNativeTarget "MyChatGPTTests" */;
			buildPhases = (
				C64F9426E81403E6904148B2 /* [CP] Check Pods Manifest.lock */,
				4F9B7F2329AB9EC4000F2EBB /* Sources */,
				4F9B7F2429AB9EC4000F2EBB /* Frameworks */,
				4F9B7F2529AB9EC4000F2EBB /* Resources */,
			);
			buildRules = (
			);
			dependencies = (
				4F9B7F2929AB9EC4000F2EBB /* PBXTargetDependency */,
			);
			name = MyChatGPTTests;
			productName = MyChatGPTTests;
			productReference = 4F9B7F2729AB9EC4000F2EBB /* MyChatGPTTests.xctest */;
			productType = "com.apple.product-type.bundle.unit-test";
		};
		4F9B7F3029AB9EC4000F2EBB /* MyChatGPTUITests */ = {
			isa = PBXNativeTarget;
			buildConfigurationList = 4F9B7F4129AB9EC4000F2EBB /* Build configuration list for PBXNativeTarget "MyChatGPTUITests" */;
			buildPhases = (
				37759906E5363CDCD669B2EF /* [CP] Check Pods Manifest.lock */,
				4F9B7F2D29AB9EC4000F2EBB /* Sources */,
				4F9B7F2E29AB9EC4000F2EBB /* Frameworks */,
				4F9B7F2F29AB9EC4000F2EBB /* Resources */,
				1B51A384A0F350C0A98DB169 /* [CP] Embed Pods Frameworks */,
			);
			buildRules = (
			);
			dependencies = (
				4F9B7F3329AB9EC4000F2EBB /* PBXTargetDependency */,
			);
			name = MyChatGPTUITests;
			productName = MyChatGPTUITests;
			productReference = 4F9B7F3129AB9EC4000F2EBB /* MyChatGPTUITests.xctest */;
			productType = "com.apple.product-type.bundle.ui-testing";
		};
/* End PBXNativeTarget section */

/* Begin PBXProject section */
		4F9B7F0F29AB9EC2000F2EBB /* Project object */ = {
			isa = PBXProject;
			attributes = {
				BuildIndependentTargetsInParallel = 1;
				LastSwiftUpdateCheck = 1420;
				LastUpgradeCheck = 1420;
				TargetAttributes = {
					4F9B7F1629AB9EC2000F2EBB = {
						CreatedOnToolsVersion = 14.2;
					};
					4F9B7F2629AB9EC4000F2EBB = {
						CreatedOnToolsVersion = 14.2;
						TestTargetID = 4F9B7F1629AB9EC2000F2EBB;
					};
					4F9B7F3029AB9EC4000F2EBB = {
						CreatedOnToolsVersion = 14.2;
						TestTargetID = 4F9B7F1629AB9EC2000F2EBB;
					};
				};
			};
			buildConfigurationList = 4F9B7F1229AB9EC2000F2EBB /* Build configuration list for PBXProject "MyChatGPT" */;
			compatibilityVersion = "Xcode 14.0";
			developmentRegion = en;
			hasScannedForEncodings = 0;
			knownRegions = (
				en,
				Base,
			);
			mainGroup = 4F9B7F0E29AB9EC2000F2EBB;
			productRefGroup = 4F9B7F1829AB9EC2000F2EBB /* Products */;
			projectDirPath = "";
			projectRoot = "";
			targets = (
				4F9B7F1629AB9EC2000F2EBB /* MyChatGPT */,
				4F9B7F2629AB9EC4000F2EBB /* MyChatGPTTests */,
				4F9B7F3029AB9EC4000F2EBB /* MyChatGPTUITests */,
			);
		};
/* End PBXProject section */

/* Begin PBXResourcesBuildPhase section */
		4F9B7F1529AB9EC2000F2EBB /* Resources */ = {
			isa = PBXResourcesBuildPhase;
			buildActionMask = 2147483647;
			files = (
				4F9B7F4B29ABA3D6000F2EBB /* Podfile in Resources */,
				4F9B7F2229AB9EC4000F2EBB /* Preview Assets.xcassets in Resources */,
				4F9B7F1F29AB9EC4000F2EBB /* Assets.xcassets in Resources */,
			);
			runOnlyForDeploymentPostprocessing = 0;
		};
		4F9B7F2529AB9EC4000F2EBB /* Resources */ = {
			isa = PBXResourcesBuildPhase;
			buildActionMask = 2147483647;
			files = (
			);
			runOnlyForDeploymentPostprocessing = 0;
		};
		4F9B7F2F29AB9EC4000F2EBB /* Resources */ = {
			isa = PBXResourcesBuildPhase;
			buildActionMask = 2147483647;
			files = (
			);
			runOnlyForDeploymentPostprocessing = 0;
		};
/* End PBXResourcesBuildPhase section */

/* Begin PBXShellScriptBuildPhase section */
		1B51A384A0F350C0A98DB169 /* [CP] Embed Pods Frameworks */ = {
			isa = PBXShellScriptBuildPhase;
			buildActionMask = 2147483647;
			files = (
			);
			inputFileListPaths = (
				"${PODS_ROOT}/Target Support Files/Pods-MyChatGPT-MyChatGPTUITests/Pods-MyChatGPT-MyChatGPTUITests-frameworks-${CONFIGURATION}-input-files.xcfilelist",
			);
			name = "[CP] Embed Pods Frameworks";
			outputFileListPaths = (
				"${PODS_ROOT}/Target Support Files/Pods-MyChatGPT-MyChatGPTUITests/Pods-MyChatGPT-MyChatGPTUITests-frameworks-${CONFIGURATION}-output-files.xcfilelist",
			);
			runOnlyForDeploymentPostprocessing = 0;
			shellPath = /bin/sh;
			shellScript = "\"${PODS_ROOT}/Target Support Files/Pods-MyChatGPT-MyChatGPTUITests/Pods-MyChatGPT-MyChatGPTUITests-frameworks.sh\"\n";
			showEnvVarsInLog = 0;
		};
		37759906E5363CDCD669B2EF /* [CP] Check Pods Manifest.lock */ = {
			isa = PBXShellScriptBuildPhase;
			buildActionMask = 2147483647;
			files = (
			);
			inputFileListPaths = (
			);
			inputPaths = (
				"${PODS_PODFILE_DIR_PATH}/Podfile.lock",
				"${PODS_ROOT}/Manifest.lock",
			);
			name = "[CP] Check Pods Manifest.lock";
			outputFileListPaths = (
			);
			outputPaths = (
				"$(DERIVED_FILE_DIR)/Pods-MyChatGPT-MyChatGPTUITests-checkManifestLockResult.txt",
			);
			runOnlyForDeploymentPostprocessing = 0;
			shellPath = /bin/sh;
			shellScript = "diff \"${PODS_PODFILE_DIR_PATH}/Podfile.lock\" \"${PODS_ROOT}/Manifest.lock\" > /dev/null\nif [ $? != 0 ] ; then\n    # print error to STDERR\n    echo \"error: The sandbox is not in sync with the Podfile.lock. Run 'pod install' or update your CocoaPods installation.\" >&2\n    exit 1\nfi\n# This output is used by Xcode 'outputs' to avoid re-running this script phase.\necho \"SUCCESS\" > \"${SCRIPT_OUTPUT_FILE_0}\"\n";
			showEnvVarsInLog = 0;
		};
		B84DF3BC637F7B4952CD27E9 /* [CP] Embed Pods Frameworks */ = {
			isa = PBXShellScriptBuildPhase;
			buildActionMask = 2147483647;
			files = (
			);
			inputFileListPaths = (
				"${PODS_ROOT}/Target Support Files/Pods-MyChatGPT/Pods-MyChatGPT-frameworks-${CONFIGURATION}-input-files.xcfilelist",
			);
			name = "[CP] Embed Pods Frameworks";
			outputFileListPaths = (
				"${PODS_ROOT}/Target Support Files/Pods-MyChatGPT/Pods-MyChatGPT-frameworks-${CONFIGURATION}-output-files.xcfilelist",
			);
			runOnlyForDeploymentPostprocessing = 0;
			shellPath = /bin/sh;
			shellScript = "\"${PODS_ROOT}/Target Support Files/Pods-MyChatGPT/Pods-MyChatGPT-frameworks.sh\"\n";
			showEnvVarsInLog = 0;
		};
		C64F9426E81403E6904148B2 /* [CP] Check Pods Manifest.lock */ = {
			isa = PBXShellScriptBuildPhase;
			buildActionMask = 2147483647;
			files = (
			);
			inputFileListPaths = (
			);
			inputPaths = (
				"${PODS_PODFILE_DIR_PATH}/Podfile.lock",
				"${PODS_ROOT}/Manifest.lock",
			);
			name = "[CP] Check Pods Manifest.lock";
			outputFileListPaths = (
			);
			outputPaths = (
				"$(DERIVED_FILE_DIR)/Pods-MyChatGPTTests-checkManifestLockResult.txt",
			);
			runOnlyForDeploymentPostprocessing = 0;
			shellPath = /bin/sh;
			shellScript = "diff \"${PODS_PODFILE_DIR_PATH}/Podfile.lock\" \"${PODS_ROOT}/Manifest.lock\" > /dev/null\nif [ $? != 0 ] ; then\n    # print error to STDERR\n    echo \"error: The sandbox is not in sync with the Podfile.lock. Run 'pod install' or update your CocoaPods installation.\" >&2\n    exit 1\nfi\n# This output is used by Xcode 'outputs' to avoid re-running this script phase.\necho \"SUCCESS\" > \"${SCRIPT_OUTPUT_FILE_0}\"\n";
			showEnvVarsInLog = 0;
		};
		DDB0BF0E6AA38235B73ECD5C /* [CP] Check Pods Manifest.lock */ = {
			isa = PBXShellScriptBuildPhase;
			buildActionMask = 2147483647;
			files = (
			);
			inputFileListPaths = (
			);
			inputPaths = (
				"${PODS_PODFILE_DIR_PATH}/Podfile.lock",
				"${PODS_ROOT}/Manifest.lock",
			);
			name = "[CP] Check Pods Manifest.lock";
			outputFileListPaths = (
			);
			outputPaths = (
				"$(DERIVED_FILE_DIR)/Pods-MyChatGPT-checkManifestLockResult.txt",
			);
			runOnlyForDeploymentPostprocessing = 0;
			shellPath = /bin/sh;
			shellScript = "diff \"${PODS_PODFILE_DIR_PATH}/Podfile.lock\" \"${PODS_ROOT}/Manifest.lock\" > /dev/null\nif [ $? != 0 ] ; then\n    # print error to STDERR\n    echo \"error: The sandbox is not in sync with the Podfile.lock. Run 'pod install' or update your CocoaPods installation.\" >&2\n    exit 1\nfi\n# This output is used by Xcode 'outputs' to avoid re-running this script phase.\necho \"SUCCESS\" > \"${SCRIPT_OUTPUT_FILE_0}\"\n";
			showEnvVarsInLog = 0;
		};
/* End PBXShellScriptBuildPhase section */

/* Begin PBXSourcesBuildPhase section */
		4F9B7F1329AB9EC2000F2EBB /* Sources */ = {
			isa = PBXSourcesBuildPhase;
			buildActionMask = 2147483647;
			files = (
				4F9B7F4929ABA2C1000F2EBB /* Store.swift in Sources */,
				4F9B7F4729ABA20D000F2EBB /* ChatView.swift in Sources */,
				679B4A3A29B40E0900EA32AF /* ListOfMessages.swift in Sources */,
				4F9B7F4529ABA017000F2EBB /* Settings.swift in Sources */,
				67C4D58829B2999C006F45D0 /* MessageBubble.swift in Sources */,
				4F9B7F4D29AD31D4000F2EBB /* DotView.swift in Sources */,
				4F9B7F1D29AB9EC2000F2EBB /* ContentView.swift in Sources */,
				4F9B7F1B29AB9EC2000F2EBB /* MyChatGPTApp.swift in Sources */,
				67C4D58A29B2B464006F45D0 /* DynamicTextField.swift in Sources */,
			);
			runOnlyForDeploymentPostprocessing = 0;
		};
		4F9B7F2329AB9EC4000F2EBB /* Sources */ = {
			isa = PBXSourcesBuildPhase;
			buildActionMask = 2147483647;
			files = (
				4F9B7F2C29AB9EC4000F2EBB /* MyChatGPTTests.swift in Sources */,
			);
			runOnlyForDeploymentPostprocessing = 0;
		};
		4F9B7F2D29AB9EC4000F2EBB /* Sources */ = {
			isa = PBXSourcesBuildPhase;
			buildActionMask = 2147483647;
			files = (
				4F9B7F3829AB9EC4000F2EBB /* MyChatGPTUITestsLaunchTests.swift in Sources */,
				4F9B7F3629AB9EC4000F2EBB /* MyChatGPTUITests.swift in Sources */,
			);
			runOnlyForDeploymentPostprocessing = 0;
		};
/* End PBXSourcesBuildPhase section */

/* Begin PBXTargetDependency section */
		4F9B7F2929AB9EC4000F2EBB /* PBXTargetDependency */ = {
			isa = PBXTargetDependency;
			target = 4F9B7F1629AB9EC2000F2EBB /* MyChatGPT */;
			targetProxy = 4F9B7F2829AB9EC4000F2EBB /* PBXContainerItemProxy */;
		};
		4F9B7F3329AB9EC4000F2EBB /* PBXTargetDependency */ = {
			isa = PBXTargetDependency;
			target = 4F9B7F1629AB9EC2000F2EBB /* MyChatGPT */;
			targetProxy = 4F9B7F3229AB9EC4000F2EBB /* PBXContainerItemProxy */;
		};
/* End PBXTargetDependency section */

/* Begin XCBuildConfiguration section */
		4F9B7F3929AB9EC4000F2EBB /* Debug */ = {
			isa = XCBuildConfiguration;
			buildSettings = {
				ALWAYS_SEARCH_USER_PATHS = NO;
				CLANG_ANALYZER_NONNULL = YES;
				CLANG_ANALYZER_NUMBER_OBJECT_CONVERSION = YES_AGGRESSIVE;
				CLANG_CXX_LANGUAGE_STANDARD = "gnu++20";
				CLANG_ENABLE_MODULES = YES;
				CLANG_ENABLE_OBJC_ARC = YES;
				CLANG_ENABLE_OBJC_WEAK = YES;
				CLANG_WARN_BLOCK_CAPTURE_AUTORELEASING = YES;
				CLANG_WARN_BOOL_CONVERSION = YES;
				CLANG_WARN_COMMA = YES;
				CLANG_WARN_CONSTANT_CONVERSION = YES;
				CLANG_WARN_DEPRECATED_OBJC_IMPLEMENTATIONS = YES;
				CLANG_WARN_DIRECT_OBJC_ISA_USAGE = YES_ERROR;
				CLANG_WARN_DOCUMENTATION_COMMENTS = YES;
				CLANG_WARN_EMPTY_BODY = YES;
				CLANG_WARN_ENUM_CONVERSION = YES;
				CLANG_WARN_INFINITE_RECURSION = YES;
				CLANG_WARN_INT_CONVERSION = YES;
				CLANG_WARN_NON_LITERAL_NULL_CONVERSION = YES;
				CLANG_WARN_OBJC_IMPLICIT_RETAIN_SELF = YES;
				CLANG_WARN_OBJC_LITERAL_CONVERSION = YES;
				CLANG_WARN_OBJC_ROOT_CLASS = YES_ERROR;
				CLANG_WARN_QUOTED_INCLUDE_IN_FRAMEWORK_HEADER = YES;
				CLANG_WARN_RANGE_LOOP_ANALYSIS = YES;
				CLANG_WARN_STRICT_PROTOTYPES = YES;
				CLANG_WARN_SUSPICIOUS_MOVE = YES;
				CLANG_WARN_UNGUARDED_AVAILABILITY = YES_AGGRESSIVE;
				CLANG_WARN_UNREACHABLE_CODE = YES;
				CLANG_WARN__DUPLICATE_METHOD_MATCH = YES;
				COPY_PHASE_STRIP = NO;
				DEBUG_INFORMATION_FORMAT = dwarf;
				ENABLE_STRICT_OBJC_MSGSEND = YES;
				ENABLE_TESTABILITY = YES;
				GCC_C_LANGUAGE_STANDARD = gnu11;
				GCC_DYNAMIC_NO_PIC = NO;
				GCC_NO_COMMON_BLOCKS = YES;
				GCC_OPTIMIZATION_LEVEL = 0;
				GCC_PREPROCESSOR_DEFINITIONS = (
					"DEBUG=1",
					"$(inherited)",
				);
				GCC_WARN_64_TO_32_BIT_CONVERSION = YES;
				GCC_WARN_ABOUT_RETURN_TYPE = YES_ERROR;
				GCC_WARN_UNDECLARED_SELECTOR = YES;
				GCC_WARN_UNINITIALIZED_AUTOS = YES_AGGRESSIVE;
				GCC_WARN_UNUSED_FUNCTION = YES;
				GCC_WARN_UNUSED_VARIABLE = YES;
				IPHONEOS_DEPLOYMENT_TARGET = 16.2;
				MTL_ENABLE_DEBUG_INFO = INCLUDE_SOURCE;
				MTL_FAST_MATH = YES;
				ONLY_ACTIVE_ARCH = YES;
				SDKROOT = iphoneos;
				SWIFT_ACTIVE_COMPILATION_CONDITIONS = DEBUG;
				SWIFT_OPTIMIZATION_LEVEL = "-Onone";
			};
			name = Debug;
		};
		4F9B7F3A29AB9EC4000F2EBB /* Release */ = {
			isa = XCBuildConfiguration;
			buildSettings = {
				ALWAYS_SEARCH_USER_PATHS = NO;
				CLANG_ANALYZER_NONNULL = YES;
				CLANG_ANALYZER_NUMBER_OBJECT_CONVERSION = YES_AGGRESSIVE;
				CLANG_CXX_LANGUAGE_STANDARD = "gnu++20";
				CLANG_ENABLE_MODULES = YES;
				CLANG_ENABLE_OBJC_ARC = YES;
				CLANG_ENABLE_OBJC_WEAK = YES;
				CLANG_WARN_BLOCK_CAPTURE_AUTORELEASING = YES;
				CLANG_WARN_BOOL_CONVERSION = YES;
				CLANG_WARN_COMMA = YES;
				CLANG_WARN_CONSTANT_CONVERSION = YES;
				CLANG_WARN_DEPRECATED_OBJC_IMPLEMENTATIONS = YES;
				CLANG_WARN_DIRECT_OBJC_ISA_USAGE = YES_ERROR;
				CLANG_WARN_DOCUMENTATION_COMMENTS = YES;
				CLANG_WARN_EMPTY_BODY = YES;
				CLANG_WARN_ENUM_CONVERSION = YES;
				CLANG_WARN_INFINITE_RECURSION = YES;
				CLANG_WARN_INT_CONVERSION = YES;
				CLANG_WARN_NON_LITERAL_NULL_CONVERSION = YES;
				CLANG_WARN_OBJC_IMPLICIT_RETAIN_SELF = YES;
				CLANG_WARN_OBJC_LITERAL_CONVERSION = YES;
				CLANG_WARN_OBJC_ROOT_CLASS = YES_ERROR;
				CLANG_WARN_QUOTED_INCLUDE_IN_FRAMEWORK_HEADER = YES;
				CLANG_WARN_RANGE_LOOP_ANALYSIS = YES;
				CLANG_WARN_STRICT_PROTOTYPES = YES;
				CLANG_WARN_SUSPICIOUS_MOVE = YES;
				CLANG_WARN_UNGUARDED_AVAILABILITY = YES_AGGRESSIVE;
				CLANG_WARN_UNREACHABLE_CODE = YES;
				CLANG_WARN__DUPLICATE_METHOD_MATCH = YES;
				COPY_PHASE_STRIP = NO;
				DEBUG_INFORMATION_FORMAT = "dwarf-with-dsym";
				ENABLE_NS_ASSERTIONS = NO;
				ENABLE_STRICT_OBJC_MSGSEND = YES;
				GCC_C_LANGUAGE_STANDARD = gnu11;
				GCC_NO_COMMON_BLOCKS = YES;
				GCC_WARN_64_TO_32_BIT_CONVERSION = YES;
				GCC_WARN_ABOUT_RETURN_TYPE = YES_ERROR;
				GCC_WARN_UNDECLARED_SELECTOR = YES;
				GCC_WARN_UNINITIALIZED_AUTOS = YES_AGGRESSIVE;
				GCC_WARN_UNUSED_FUNCTION = YES;
				GCC_WARN_UNUSED_VARIABLE = YES;
				IPHONEOS_DEPLOYMENT_TARGET = 16.2;
				MTL_ENABLE_DEBUG_INFO = NO;
				MTL_FAST_MATH = YES;
				SDKROOT = iphoneos;
				SWIFT_COMPILATION_MODE = wholemodule;
				SWIFT_OPTIMIZATION_LEVEL = "-O";
				VALIDATE_PRODUCT = YES;
			};
			name = Release;
		};
		4F9B7F3C29AB9EC4000F2EBB /* Debug */ = {
			isa = XCBuildConfiguration;
			baseConfigurationReference = F5BFDBD4A76858A72FF1DE66 /* Pods-MyChatGPT.debug.xcconfig */;
			buildSettings = {
				ASSETCATALOG_COMPILER_APPICON_NAME = AppIcon;
				ASSETCATALOG_COMPILER_GLOBAL_ACCENT_COLOR_NAME = AccentColor;
				CODE_SIGN_STYLE = Automatic;
				CURRENT_PROJECT_VERSION = 1;
				DEVELOPMENT_ASSET_PATHS = "\"MyChatGPT/Preview Content\"";
				DEVELOPMENT_TEAM = W3552Q3Q6S;
				ENABLE_PREVIEWS = YES;
				GENERATE_INFOPLIST_FILE = YES;
				INFOPLIST_KEY_UIApplicationSceneManifest_Generation = YES;
				INFOPLIST_KEY_UIApplicationSupportsIndirectInputEvents = YES;
				INFOPLIST_KEY_UILaunchScreen_Generation = YES;
				INFOPLIST_KEY_UISupportedInterfaceOrientations = "UIInterfaceOrientationPortrait UIInterfaceOrientationPortraitUpsideDown";
				LD_RUNPATH_SEARCH_PATHS = (
					"$(inherited)",
					"@executable_path/Frameworks",
				);
				MARKETING_VERSION = 1.0;
				PRODUCT_BUNDLE_IDENTIFIER = net.dcapps.MyChatGPT;
				PRODUCT_NAME = "$(TARGET_NAME)";
				SWIFT_EMIT_LOC_STRINGS = YES;
				SWIFT_VERSION = 5.0;
				TARGETED_DEVICE_FAMILY = "1,2";
			};
			name = Debug;
		};
		4F9B7F3D29AB9EC4000F2EBB /* Release */ = {
			isa = XCBuildConfiguration;
			baseConfigurationReference = 1F7C3A0206A7F217603B703C /* Pods-MyChatGPT.release.xcconfig */;
			buildSettings = {
				ASSETCATALOG_COMPILER_APPICON_NAME = AppIcon;
				ASSETCATALOG_COMPILER_GLOBAL_ACCENT_COLOR_NAME = AccentColor;
				CODE_SIGN_STYLE = Automatic;
				CURRENT_PROJECT_VERSION = 1;
				DEVELOPMENT_ASSET_PATHS = "\"MyChatGPT/Preview Content\"";
				DEVELOPMENT_TEAM = W3552Q3Q6S;
				ENABLE_PREVIEWS = YES;
				GENERATE_INFOPLIST_FILE = YES;
				INFOPLIST_KEY_UIApplicationSceneManifest_Generation = YES;
				INFOPLIST_KEY_UIApplicationSupportsIndirectInputEvents = YES;
				INFOPLIST_KEY_UILaunchScreen_Generation = YES;
				INFOPLIST_KEY_UISupportedInterfaceOrientations = "UIInterfaceOrientationPortrait UIInterfaceOrientationPortraitUpsideDown";
				LD_RUNPATH_SEARCH_PATHS = (
					"$(inherited)",
					"@executable_path/Frameworks",
				);
				MARKETING_VERSION = 1.0;
				PRODUCT_BUNDLE_IDENTIFIER = net.dcapps.MyChatGPT;
				PRODUCT_NAME = "$(TARGET_NAME)";
				SWIFT_EMIT_LOC_STRINGS = YES;
				SWIFT_VERSION = 5.0;
				TARGETED_DEVICE_FAMILY = "1,2";
			};
			name = Release;
		};
		4F9B7F3F29AB9EC4000F2EBB /* Debug */ = {
			isa = XCBuildConfiguration;
			baseConfigurationReference = E7CDB5CC33C951D0193E6CF7 /* Pods-MyChatGPTTests.debug.xcconfig */;
			buildSettings = {
				BUNDLE_LOADER = "$(TEST_HOST)";
				CODE_SIGN_STYLE = Automatic;
				CURRENT_PROJECT_VERSION = 1;
				DEVELOPMENT_TEAM = W3552Q3Q6S;
				GENERATE_INFOPLIST_FILE = YES;
				IPHONEOS_DEPLOYMENT_TARGET = 16.2;
				MARKETING_VERSION = 1.0;
				PRODUCT_BUNDLE_IDENTIFIER = net.dcapps.MyChatGPTTests;
				PRODUCT_NAME = "$(TARGET_NAME)";
				SWIFT_EMIT_LOC_STRINGS = NO;
				SWIFT_VERSION = 5.0;
				TARGETED_DEVICE_FAMILY = "1,2";
				TEST_HOST = "$(BUILT_PRODUCTS_DIR)/MyChatGPT.app/$(BUNDLE_EXECUTABLE_FOLDER_PATH)/MyChatGPT";
			};
			name = Debug;
		};
		4F9B7F4029AB9EC4000F2EBB /* Release */ = {
			isa = XCBuildConfiguration;
			baseConfigurationReference = D50795870DBB2AF3F783C14B /* Pods-MyChatGPTTests.release.xcconfig */;
			buildSettings = {
				BUNDLE_LOADER = "$(TEST_HOST)";
				CODE_SIGN_STYLE = Automatic;
				CURRENT_PROJECT_VERSION = 1;
				DEVELOPMENT_TEAM = W3552Q3Q6S;
				GENERATE_INFOPLIST_FILE = YES;
				IPHONEOS_DEPLOYMENT_TARGET = 16.2;
				MARKETING_VERSION = 1.0;
				PRODUCT_BUNDLE_IDENTIFIER = net.dcapps.MyChatGPTTests;
				PRODUCT_NAME = "$(TARGET_NAME)";
				SWIFT_EMIT_LOC_STRINGS = NO;
				SWIFT_VERSION = 5.0;
				TARGETED_DEVICE_FAMILY = "1,2";
				TEST_HOST = "$(BUILT_PRODUCTS_DIR)/MyChatGPT.app/$(BUNDLE_EXECUTABLE_FOLDER_PATH)/MyChatGPT";
			};
			name = Release;
		};
		4F9B7F4229AB9EC4000F2EBB /* Debug */ = {
			isa = XCBuildConfiguration;
			baseConfigurationReference = D2B54FAC0B3BF2C879AF9288 /* Pods-MyChatGPT-MyChatGPTUITests.debug.xcconfig */;
			buildSettings = {
				CODE_SIGN_STYLE = Automatic;
				CURRENT_PROJECT_VERSION = 1;
				DEVELOPMENT_TEAM = W3552Q3Q6S;
				GENERATE_INFOPLIST_FILE = YES;
				MARKETING_VERSION = 1.0;
				PRODUCT_BUNDLE_IDENTIFIER = net.dcapps.MyChatGPTUITests;
				PRODUCT_NAME = "$(TARGET_NAME)";
				SWIFT_EMIT_LOC_STRINGS = NO;
				SWIFT_VERSION = 5.0;
				TARGETED_DEVICE_FAMILY = "1,2";
				TEST_TARGET_NAME = MyChatGPT;
			};
			name = Debug;
		};
		4F9B7F4329AB9EC4000F2EBB /* Release */ = {
			isa = XCBuildConfiguration;
			baseConfigurationReference = EAF656196836E764C4104FE6 /* Pods-MyChatGPT-MyChatGPTUITests.release.xcconfig */;
			buildSettings = {
				CODE_SIGN_STYLE = Automatic;
				CURRENT_PROJECT_VERSION = 1;
				DEVELOPMENT_TEAM = W3552Q3Q6S;
				GENERATE_INFOPLIST_FILE = YES;
				MARKETING_VERSION = 1.0;
				PRODUCT_BUNDLE_IDENTIFIER = net.dcapps.MyChatGPTUITests;
				PRODUCT_NAME = "$(TARGET_NAME)";
				SWIFT_EMIT_LOC_STRINGS = NO;
				SWIFT_VERSION = 5.0;
				TARGETED_DEVICE_FAMILY = "1,2";
				TEST_TARGET_NAME = MyChatGPT;
			};
			name = Release;
		};
/* End XCBuildConfiguration section */

/* Begin XCConfigurationList section */
		4F9B7F1229AB9EC2000F2EBB /* Build configuration list for PBXProject "MyChatGPT" */ = {
			isa = XCConfigurationList;
			buildConfigurations = (
				4F9B7F3929AB9EC4000F2EBB /* Debug */,
				4F9B7F3A29AB9EC4000F2EBB /* Release */,
			);
			defaultConfigurationIsVisible = 0;
			defaultConfigurationName = Release;
		};
		4F9B7F3B29AB9EC4000F2EBB /* Build configuration list for PBXNativeTarget "MyChatGPT" */ = {
			isa = XCConfigurationList;
			buildConfigurations = (
				4F9B7F3C29AB9EC4000F2EBB /* Debug */,
				4F9B7F3D29AB9EC4000F2EBB /* Release */,
			);
			defaultConfigurationIsVisible = 0;
			defaultConfigurationName = Release;
		};
		4F9B7F3E29AB9EC4000F2EBB /* Build configuration list for PBXNativeTarget "MyChatGPTTests" */ = {
			isa = XCConfigurationList;
			buildConfigurations = (
				4F9B7F3F29AB9EC4000F2EBB /* Debug */,
				4F9B7F4029AB9EC4000F2EBB /* Release */,
			);
			defaultConfigurationIsVisible = 0;
			defaultConfigurationName = Release;
		};
		4F9B7F4129AB9EC4000F2EBB /* Build configuration list for PBXNativeTarget "MyChatGPTUITests" */ = {
			isa = XCConfigurationList;
			buildConfigurations = (
				4F9B7F4229AB9EC4000F2EBB /* Debug */,
				4F9B7F4329AB9EC4000F2EBB /* Release */,
			);
			defaultConfigurationIsVisible = 0;
			defaultConfigurationName = Release;
		};
/* End XCConfigurationList section */
	};
	rootObject = 4F9B7F0F29AB9EC2000F2EBB /* Project object */;
}
